
Microsoft Visual Studio Solution File, Format Version 12.00
# Visual Studio 14
VisualStudioVersion = 14.0.22823.1
MinimumVisualStudioVersion = 10.0.40219.1
Project("{2150E333-8FDC-42A3-9474-1A3956D46DE8}") = "Solution Items", "Solution Items", "{E5159306-3E68-4F8B-9D51-56787954A96C}"
	ProjectSection(SolutionItems) = preProject
		global.json = global.json
	EndProjectSection
EndProject
Project("{8BB2217D-0F2D-49D1-97BC-3654ED321F3B}") = "WebAppWithMvc", "tests\WebAppWithMvc\WebAppWithMvc.xproj", "{E3FE52F2-60FF-453D-940E-FADD9B381CCB}"
EndProject
Project("{2150E333-8FDC-42A3-9474-1A3956D46DE8}") = "Reference projects", "Reference projects", "{5AB097A9-AE61-4BDE-A21C-F266D764F56A}"
EndProject
Project("{8BB2217D-0F2D-49D1-97BC-3654ED321F3B}") = "Dota2.WebApp", "src\Dota2.WebApp\Dota2.WebApp.xproj", "{9A4DCF09-8C3F-4ED2-B720-253B07E2893F}"
EndProject
Project("{8BB2217D-0F2D-49D1-97BC-3654ED321F3B}") = "WebAppWithWebAPI", "tests\WebAppWithWebAPI\WebAppWithWebAPI.xproj", "{EFE98F8C-05EA-423B-96A6-30CE00A4F3CE}"
EndProject
Global
	GlobalSection(SolutionConfigurationPlatforms) = preSolution
		Debug|Any CPU = Debug|Any CPU
		Release|Any CPU = Release|Any CPU
	EndGlobalSection
	GlobalSection(ProjectConfigurationPlatforms) = postSolution
		{E3FE52F2-60FF-453D-940E-FADD9B381CCB}.Debug|Any CPU.ActiveCfg = Debug|Any CPU
		{E3FE52F2-60FF-453D-940E-FADD9B381CCB}.Release|Any CPU.ActiveCfg = Release|Any CPU
		{E3FE52F2-60FF-453D-940E-FADD9B381CCB}.Release|Any CPU.Build.0 = Release|Any CPU
		{9A4DCF09-8C3F-4ED2-B720-253B07E2893F}.Debug|Any CPU.ActiveCfg = Debug|Any CPU
		{9A4DCF09-8C3F-4ED2-B720-253B07E2893F}.Debug|Any CPU.Build.0 = Debug|Any CPU
		{9A4DCF09-8C3F-4ED2-B720-253B07E2893F}.Release|Any CPU.ActiveCfg = Release|Any CPU
		{9A4DCF09-8C3F-4ED2-B720-253B07E2893F}.Release|Any CPU.Build.0 = Release|Any CPU
		{EFE98F8C-05EA-423B-96A6-30CE00A4F3CE}.Debug|Any CPU.ActiveCfg = Debug|Any CPU
		{EFE98F8C-05EA-423B-96A6-30CE00A4F3CE}.Release|Any CPU.ActiveCfg = Release|Any CPU
		{EFE98F8C-05EA-423B-96A6-30CE00A4F3CE}.Release|Any CPU.Build.0 = Release|Any CPU
	EndGlobalSection
	GlobalSection(SolutionProperties) = preSolution
		HideSolutionNode = FALSE
	EndGlobalSection
	GlobalSection(NestedProjects) = preSolution
		{E3FE52F2-60FF-453D-940E-FADD9B381CCB} = {5AB097A9-AE61-4BDE-A21C-F266D764F56A}
		{EFE98F8C-05EA-423B-96A6-30CE00A4F3CE} = {5AB097A9-AE61-4BDE-A21C-F266D764F56A}
	EndGlobalSection
EndGlobal
